// !$*UTF8*$!
{
	archiveVersion = 1;
	classes = {
	};
	objectVersion = 50;
	objects = {

/* Begin PBXBuildFile section */
		A02C4431246F82AB00263067 /* AppDelegate.swift in Sources */ = {isa = PBXBuildFile; fileRef = A02C4430246F82AB00263067 /* AppDelegate.swift */; };
		A02C4433246F82AB00263067 /* SceneDelegate.swift in Sources */ = {isa = PBXBuildFile; fileRef = A02C4432246F82AB00263067 /* SceneDelegate.swift */; };
		A02C4435246F82AB00263067 /* ContentView.swift in Sources */ = {isa = PBXBuildFile; fileRef = A02C4434246F82AB00263067 /* ContentView.swift */; };
		A02C4437246F82AC00263067 /* Assets.xcassets in Resources */ = {isa = PBXBuildFile; fileRef = A02C4436246F82AC00263067 /* Assets.xcassets */; };
		A02C443A246F82AC00263067 /* Preview Assets.xcassets in Resources */ = {isa = PBXBuildFile; fileRef = A02C4439246F82AC00263067 /* Preview Assets.xcassets */; };
		A02C443D246F82AC00263067 /* LaunchScreen.storyboard in Resources */ = {isa = PBXBuildFile; fileRef = A02C443B246F82AC00263067 /* LaunchScreen.storyboard */; };
/* End PBXBuildFile section */

/* Begin PBXFileReference section */
		A02C442D246F82AB00263067 /* AutoLayoutSample.app */ = {isa = PBXFileReference; explicitFileType = wrapper.application; includeInIndex = 0; path = AutoLayoutSample.app; sourceTree = BUILT_PRODUCTS_DIR; };
		A02C4430246F82AB00263067 /* AppDelegate.swift */ = {isa = PBXFileReference; lastKnownFileType = sourcecode.swift; path = AppDelegate.swift; sourceTree = "<group>"; };
		A02C4432246F82AB00263067 /* SceneDelegate.swift */ = {isa = PBXFileReference; lastKnownFileType = sourcecode.swift; path = SceneDelegate.swift; sourceTree = "<group>"; };
		A02C4434246F82AB00263067 /* ContentView.swift */ = {isa = PBXFileReference; lastKnownFileType = sourcecode.swift; path = ContentView.swift; sourceTree = "<group>"; };
		A02C4436246F82AC00263067 /* Assets.xcassets */ = {isa = PBXFileReference; lastKnownFileType = folder.assetcatalog; path = Assets.xcassets; sourceTree = "<group>"; };
		A02C4439246F82AC00263067 /* Preview Assets.xcassets */ = {isa = PBXFileReference; lastKnownFileType = folder.assetcatalog; path = "Preview Assets.xcassets"; sourceTree = "<group>"; };
		A02C443C246F82AC00263067 /* Base */ = {isa = PBXFileReference; lastKnownFileType = file.storyboard; name = Base; path = Base.lproj/LaunchScreen.storyboard; sourceTree = "<group>"; };
		A02C443E246F82AC00263067 /* Info.plist */ = {isa = PBXFileReference; lastKnownFileType = text.plist.xml; path = Info.plist; sourceTree = "<group>"; };
/* End PBXFileReference section */

/* Begin PBXFrameworksBuildPhase section */
		A02C442A246F82AB00263067 /* Frameworks */ = {
			isa = PBXFrameworksBuildPhase;
			buildActionMask = 2147483647;
			files = (
			);
			runOnlyForDeploymentPostprocessing = 0;
		};
/* End PBXFrameworksBuildPhase section */

/* Begin PBXGroup section */
		A02C4424246F82AB00263067 = {
			isa = PBXGroup;
			children = (
				A02C442F246F82AB00263067 /* AutoLayoutSample */,
				A02C442E246F82AB00263067 /* Products */,
			);
			sourceTree = "<group>";
		};
		A02C442E246F82AB00263067 /* Products */ = {
			isa = PBXGroup;
			children = (
				A02C442D246F82AB00263067 /* AutoLayoutSample.app */,
			);
			name = Products;
			sourceTree = "<group>";
		};
		A02C442F246F82AB00263067 /* AutoLayoutSample */ = {
			isa = PBXGroup;
			children = (
				A02C4430246F82AB00263067 /* AppDelegate.swift */,
				A02C4432246F82AB00263067 /* SceneDelegate.swift */,
				A02C4434246F82AB00263067 /* ContentView.swift */,
				A02C4436246F82AC00263067 /* Assets.xcassets */,
				A02C443B246F82AC00263067 /* LaunchScreen.storyboard */,
				A02C443E246F82AC00263067 /* Info.plist */,
				A02C4438246F82AC00263067 /* Preview Content */,
			);
			path = AutoLayoutSample;
			sourceTree = "<group>";
		};
		A02C4438246F82AC00263067 /* Preview Content */ = {
			isa = PBXGroup;
			children = (
				A02C4439246F82AC00263067 /* Preview Assets.xcassets */,
			);
			path = "Preview Content";
			sourceTree = "<group>";
		};
/* End PBXGroup section */

/* Begin PBXNativeTarget section */
		A02C442C246F82AB00263067 /* AutoLayoutSample */ = {
			isa = PBXNativeTarget;
			buildConfigurationList = A02C4441246F82AC00263067 /* Build configuration list for PBXNativeTarget "AutoLayoutSample" */;
			buildPhases = (
				A02C4429246F82AB00263067 /* Sources */,
				A02C442A246F82AB00263067 /* Frameworks */,
				A02C442B246F82AB00263067 /* Resources */,
			);
			buildRules = (
			);
			dependencies = (
			);
			name = AutoLayoutSample;
			productName = AutoLayoutSample;
			productReference = A02C442D246F82AB00263067 /* AutoLayoutSample.app */;
			productType = "com.apple.product-type.application";
		};
/* End PBXNativeTarget section */

/* Begin PBXProject section */
		A02C4425246F82AB00263067 /* Project object */ = {
			isa = PBXProject;
			attributes = {
				LastSwiftUpdateCheck = 1140;
				LastUpgradeCheck = 1140;
				ORGANIZATIONNAME = takechee;
				TargetAttributes = {
					A02C442C246F82AB00263067 = {
						CreatedOnToolsVersion = 11.4.1;
					};
				};
			};
			buildConfigurationList = A02C4428246F82AB00263067 /* Build configuration list for PBXProject "AutoLayoutSample" */;
			compatibilityVersion = "Xcode 9.3";
			developmentRegion = en;
			hasScannedForEncodings = 0;
			knownRegions = (
				en,
				Base,
			);
			mainGroup = A02C4424246F82AB00263067;
			productRefGroup = A02C442E246F82AB00263067 /* Products */;
			projectDirPath = "";
			projectRoot = "";
			targets = (
				A02C442C246F82AB00263067 /* AutoLayoutSample */,
			);
		};
/* End PBXProject section */

/* Begin PBXResourcesBuildPhase section */
		A02C442B246F82AB00263067 /* Resources */ = {
			isa = PBXResourcesBuildPhase;
			buildActionMask = 2147483647;
			files = (
				A02C443D246F82AC00263067 /* LaunchScreen.storyboard in Resources */,
				A02C443A246F82AC00263067 /* Preview Assets.xcassets in Resources */,
				A02C4437246F82AC00263067 /* Assets.xcassets in Resources */,
			);
			runOnlyForDeploymentPostprocessing = 0;
		};
/* End PBXResourcesBuildPhase section */

/* Begin PBXSourcesBuildPhase section */
		A02C4429246F82AB00263067 /* Sources */ = {
			isa = PBXSourcesBuildPhase;
			buildActionMask = 2147483647;
			files = (
				A02C4431246F82AB00263067 /* AppDelegate.swift in Sources */,
				A02C4433246F82AB00263067 /* SceneDelegate.swift in Sources */,
				A02C4435246F82AB00263067 /* ContentView.swift in Sources */,
			);
			runOnlyForDeploymentPostprocessing = 0;
		};
/* End PBXSourcesBuildPhase section */

/* Begin PBXVariantGroup section */
		A02C443B246F82AC00263067 /* LaunchScreen.storyboard */ = {
			isa = PBXVariantGroup;
			children = (
				A02C443C246F82AC00263067 /* Base */,
			);
			name = LaunchScreen.storyboard;
			sourceTree = "<group>";
		};
/* End PBXVariantGroup section */

/* Begin XCBuildConfiguration section */
		A02C443F246F82AC00263067 /* Debug */ = {
			isa = XCBuildConfiguration;
			buildSettings = {
				ALWAYS_SEARCH_USER_PATHS = NO;
				CLANG_ANALYZER_NONNULL = YES;
				CLANG_ANALYZER_NUMBER_OBJECT_CONVERSION = YES_AGGRESSIVE;
				CLANG_CXX_LANGUAGE_STANDARD = "gnu++14";
				CLANG_CXX_LIBRARY = "libc++";
				CLANG_ENABLE_MODULES = YES;
				CLANG_ENABLE_OBJC_ARC = YES;
				CLANG_ENABLE_OBJC_WEAK = YES;
				CLANG_WARN_BLOCK_CAPTURE_AUTORELEASING = YES;
				CLANG_WARN_BOOL_CONVERSION = YES;
				CLANG_WARN_COMMA = YES;
				CLANG_WARN_CONSTANT_CONVERSION = YES;
				CLANG_WARN_DEPRECATED_OBJC_IMPLEMENTATIONS = YES;
				CLANG_WARN_DIRECT_OBJC_ISA_USAGE = YES_ERROR;
				CLANG_WARN_DOCUMENTATION_COMMENTS = YES;
				CLANG_WARN_EMPTY_BODY = YES;
				CLANG_WARN_ENUM_CONVERSION = YES;
				CLANG_WARN_INFINITE_RECURSION = YES;
				CLANG_WARN_INT_CONVERSION = YES;
				CLANG_WARN_NON_LITERAL_NULL_CONVERSION = YES;
				CLANG_WARN_OBJC_IMPLICIT_RETAIN_SELF = YES;
				CLANG_WARN_OBJC_LITERAL_CONVERSION = YES;
				CLANG_WARN_OBJC_ROOT_CLASS = YES_ERROR;
				CLANG_WARN_RANGE_LOOP_ANALYSIS = YES;
				CLANG_WARN_STRICT_PROTOTYPES = YES;
				CLANG_WARN_SUSPICIOUS_MOVE = YES;
				CLANG_WARN_UNGUARDED_AVAILABILITY = YES_AGGRESSIVE;
				CLANG_WARN_UNREACHABLE_CODE = YES;
				CLANG_WARN__DUPLICATE_METHOD_MATCH = YES;
				COPY_PHASE_STRIP = NO;
				DEBUG_INFORMATION_FORMAT = dwarf;
				ENABLE_STRICT_OBJC_MSGSEND = YES;
				ENABLE_TESTABILITY = YES;
				GCC_C_LANGUAGE_STANDARD = gnu11;
				GCC_DYNAMIC_NO_PIC = NO;
				GCC_NO_COMMON_BLOCKS = YES;
				GCC_OPTIMIZATION_LEVEL = 0;
				GCC_PREPROCESSOR_DEFINITIONS = (
					"DEBUG=1",
					"$(inherited)",
				);
				GCC_WARN_64_TO_32_BIT_CONVERSION = YES;
				GCC_WARN_ABOUT_RETURN_TYPE = YES_ERROR;
				GCC_WARN_UNDECLARED_SELECTOR = YES;
				GCC_WARN_UNINITIALIZED_AUTOS = YES_AGGRESSIVE;
				GCC_WARN_UNUSED_FUNCTION = YES;
				GCC_WARN_UNUSED_VARIABLE = YES;
				IPHONEOS_DEPLOYMENT_TARGET = 13.4;
				MTL_ENABLE_DEBUG_INFO = INCLUDE_SOURCE;
				MTL_FAST_MATH = YES;
				ONLY_ACTIVE_ARCH = YES;
				SDKROOT = iphoneos;
				SWIFT_ACTIVE_COMPILATION_CONDITIONS = DEBUG;
				SWIFT_OPTIMIZATION_LEVEL = "-Onone";
			};
			name = Debug;
		};
		A02C4440246F82AC00263067 /* Release */ = {
			isa = XCBuildConfiguration;
			buildSettings = {
				ALWAYS_SEARCH_USER_PATHS = NO;
				CLANG_ANALYZER_NONNULL = YES;
				CLANG_ANALYZER_NUMBER_OBJECT_CONVERSION = YES_AGGRESSIVE;
				CLANG_CXX_LANGUAGE_STANDARD = "gnu++14";
				CLANG_CXX_LIBRARY = "libc++";
				CLANG_ENABLE_MODULES = YES;
				CLANG_ENABLE_OBJC_ARC = YES;
				CLANG_ENABLE_OBJC_WEAK = YES;
				CLANG_WARN_BLOCK_CAPTURE_AUTORELEASING = YES;
				CLANG_WARN_BOOL_CONVERSION = YES;
				CLANG_WARN_COMMA = YES;
				CLANG_WARN_CONSTANT_CONVERSION = YES;
				CLANG_WARN_DEPRECATED_OBJC_IMPLEMENTATIONS = YES;
				CLANG_WARN_DIRECT_OBJC_ISA_USAGE = YES_ERROR;
				CLANG_WARN_DOCUMENTATION_COMMENTS = YES;
				CLANG_WARN_EMPTY_BODY = YES;
				CLANG_WARN_ENUM_CONVERSION = YES;
				CLANG_WARN_INFINITE_RECURSION = YES;
				CLANG_WARN_INT_CONVERSION = YES;
				CLANG_WARN_NON_LITERAL_NULL_CONVERSION = YES;
				CLANG_WARN_OBJC_IMPLICIT_RETAIN_SELF = YES;
				CLANG_WARN_OBJC_LITERAL_CONVERSION = YES;
				CLANG_WARN_OBJC_ROOT_CLASS = YES_ERROR;
				CLANG_WARN_RANGE_LOOP_ANALYSIS = YES;
				CLANG_WARN_STRICT_PROTOTYPES = YES;
				CLANG_WARN_SUSPICIOUS_MOVE = YES;
				CLANG_WARN_UNGUARDED_AVAILABILITY = YES_AGGRESSIVE;
				CLANG_WARN_UNREACHABLE_CODE = YES;
				CLANG_WARN__DUPLICATE_METHOD_MATCH = YES;
				COPY_PHASE_STRIP = NO;
				DEBUG_INFORMATION_FORMAT = "dwarf-with-dsym";
				ENABLE_NS_ASSERTIONS = NO;
				ENABLE_STRICT_OBJC_MSGSEND = YES;
				GCC_C_LANGUAGE_STANDARD = gnu11;
				GCC_NO_COMMON_BLOCKS = YES;
				GCC_WARN_64_TO_32_BIT_CONVERSION = YES;
				GCC_WARN_ABOUT_RETURN_TYPE = YES_ERROR;
				GCC_WARN_UNDECLARED_SELECTOR = YES;
				GCC_WARN_UNINITIALIZED_AUTOS = YES_AGGRESSIVE;
				GCC_WARN_UNUSED_FUNCTION = YES;
				GCC_WARN_UNUSED_VARIABLE = YES;
				IPHONEOS_DEPLOYMENT_TARGET = 13.4;
				MTL_ENABLE_DEBUG_INFO = NO;
				MTL_FAST_MATH = YES;
				SDKROOT = iphoneos;
				SWIFT_COMPILATION_MODE = wholemodule;
				SWIFT_OPTIMIZATION_LEVEL = "-O";
				VALIDATE_PRODUCT = YES;
			};
			name = Release;
		};
		A02C4442246F82AC00263067 /* Debug */ = {
			isa = XCBuildConfiguration;
			buildSettings = {
				ASSETCATALOG_COMPILER_APPICON_NAME = AppIcon;
				CODE_SIGN_STYLE = Automatic;
				DEVELOPMENT_ASSET_PATHS = "\"AutoLayoutSample/Preview Content\"";
				DEVELOPMENT_TEAM = SU673F22A8;
				ENABLE_PREVIEWS = YES;
				INFOPLIST_FILE = AutoLayoutSample/Info.plist;
				LD_RUNPATH_SEARCH_PATHS = (
					"$(inherited)",
					"@executable_path/Frameworks",
				);
				PRODUCT_BUNDLE_IDENTIFIER = takechee.AutoLayoutSample;
				PRODUCT_NAME = "$(TARGET_NAME)";
				SWIFT_VERSION = 5.0;
				TARGETED_DEVICE_FAMILY = "1,2";
			};
			name = Debug;
		};
		A02C4443246F82AC00263067 /* Release */ = {
			isa = XCBuildConfiguration;
			buildSettings = {
				ASSETCATALOG_COMPILER_APPICON_NAME = AppIcon;
				CODE_SIGN_STYLE = Automatic;
				DEVELOPMENT_ASSET_PATHS = "\"AutoLayoutSample/Preview Content\"";
				DEVELOPMENT_TEAM = SU673F22A8;
				ENABLE_PREVIEWS = YES;
				INFOPLIST_FILE = AutoLayoutSample/Info.plist;
				LD_RUNPATH_SEARCH_PATHS = (
					"$(inherited)",
					"@executable_path/Frameworks",
				);
				PRODUCT_BUNDLE_IDENTIFIER = takechee.AutoLayoutSample;
				PRODUCT_NAME = "$(TARGET_NAME)";
				SWIFT_VERSION = 5.0;
				TARGETED_DEVICE_FAMILY = "1,2";
			};
			name = Release;
		};
/* End XCBuildConfiguration section */

/* Begin XCConfigurationList section */
		A02C4428246F82AB00263067 /* Build configuration list for PBXProject "AutoLayoutSample" */ = {
			isa = XCConfigurationList;
			buildConfigurations = (
				A02C443F246F82AC00263067 /* Debug */,
				A02C4440246F82AC00263067 /* Release */,
			);
			defaultConfigurationIsVisible = 0;
			defaultConfigurationName = Release;
		};
		A02C4441246F82AC00263067 /* Build configuration list for PBXNativeTarget "AutoLayoutSample" */ = {
			isa = XCConfigurationList;
			buildConfigurations = (
				A02C4442246F82AC00263067 /* Debug */,
				A02C4443246F82AC00263067 /* Release */,
			);
			defaultConfigurationIsVisible = 0;
			defaultConfigurationName = Release;
		};
/* End XCConfigurationList section */
	};
	rootObject = A02C4425246F82AB00263067 /* Project object */;
}
